
Microsoft Visual Studio Solution File, Format Version 12.00
# Visual Studio 2017
Project("{FAE04EC0-301F-11D3-BF4B-00C04F79EFBC}") = "TCC Project.v6", "TCC Project.v6.csproj", "{8CEA6E65-F24E-7DEF-09CB-A3204C4A0D07}"
EndProject
Project("{FAE04EC0-301F-11D3-BF4B-00C04F79EFBC}") = "TCC Project.v6.Editor", "TCC Project.v6.Editor.csproj", "{BE4924D1-6363-A431-7249-86E164571AFC}"
EndProject
Global
	GlobalSection(SolutionConfigurationPlatforms) = preSolution
		Debug|Any CPU = Debug|Any CPU
		Release|Any CPU = Release|Any CPU
	EndGlobalSection
	GlobalSection(ProjectConfigurationPlatforms) = postSolution
		{8CEA6E65-F24E-7DEF-09CB-A3204C4A0D07}.Debug|Any CPU.ActiveCfg = Debug|Any CPU
		{8CEA6E65-F24E-7DEF-09CB-A3204C4A0D07}.Debug|Any CPU.Build.0 = Debug|Any CPU
		{8CEA6E65-F24E-7DEF-09CB-A3204C4A0D07}.Release|Any CPU.ActiveCfg = Release|Any CPU
		{8CEA6E65-F24E-7DEF-09CB-A3204C4A0D07}.Release|Any CPU.Build.0 = Release|Any CPU
		{BE4924D1-6363-A431-7249-86E164571AFC}.Debug|Any CPU.ActiveCfg = Debug|Any CPU
		{BE4924D1-6363-A431-7249-86E164571AFC}.Debug|Any CPU.Build.0 = Debug|Any CPU
		{BE4924D1-6363-A431-7249-86E164571AFC}.Release|Any CPU.ActiveCfg = Release|Any CPU
		{BE4924D1-6363-A431-7249-86E164571AFC}.Release|Any CPU.Build.0 = Release|Any CPU
	EndGlobalSection
	GlobalSection(SolutionProperties) = preSolution
		HideSolutionNode = FALSE
	EndGlobalSection
EndGlobal
